// !$*UTF8*$!
{
	archiveVersion = 1;
	classes = {
	};
	objectVersion = 46;
	objects = {

/* Begin PBXBuildFile section */
		2B1E51931E6FF41600FD8472 /* DigitDetectorViewController.swift in Sources */ = {isa = PBXBuildFile; fileRef = 2B1E51921E6FF41600FD8472 /* DigitDetectorViewController.swift */; };
		2BA2AEE91E2F865E0093C4BE /* AppDelegate.swift in Sources */ = {isa = PBXBuildFile; fileRef = 2BA2AEE81E2F865E0093C4BE /* AppDelegate.swift */; };
		2BA2AEEB1E2F865E0093C4BE /* ViewController.swift in Sources */ = {isa = PBXBuildFile; fileRef = 2BA2AEEA1E2F865E0093C4BE /* ViewController.swift */; };
		2BA2AEEE1E2F865E0093C4BE /* Main.storyboard in Resources */ = {isa = PBXBuildFile; fileRef = 2BA2AEEC1E2F865E0093C4BE /* Main.storyboard */; };
		2BA2AEF31E2F865E0093C4BE /* LaunchScreen.storyboard in Resources */ = {isa = PBXBuildFile; fileRef = 2BA2AEF11E2F865E0093C4BE /* LaunchScreen.storyboard */; };
		2BA2AEFE1E2F865F0093C4BE /* photo_mathTests.swift in Sources */ = {isa = PBXBuildFile; fileRef = 2BA2AEFD1E2F865F0093C4BE /* photo_mathTests.swift */; };
		2BA2AF091E2F865F0093C4BE /* photo_mathUITests.swift in Sources */ = {isa = PBXBuildFile; fileRef = 2BA2AF081E2F865F0093C4BE /* photo_mathUITests.swift */; };
		2BC4AD2F1E54642F0078E267 /* CameraTwoViewController.swift in Sources */ = {isa = PBXBuildFile; fileRef = 2BC4AD2E1E54642F0078E267 /* CameraTwoViewController.swift */; };
		2BF82FC81E6FE862008E01A9 /* GetMNISTData.swift in Sources */ = {isa = PBXBuildFile; fileRef = 2BF82FC11E6FE862008E01A9 /* GetMNISTData.swift */; };
		2BF82FC91E6FE862008E01A9 /* MNISTSingleLayer.swift in Sources */ = {isa = PBXBuildFile; fileRef = 2BF82FC21E6FE862008E01A9 /* MNISTSingleLayer.swift */; };
		2BF82FCA1E6FE862008E01A9 /* MNISTDeepCNN.swift in Sources */ = {isa = PBXBuildFile; fileRef = 2BF82FC31E6FE862008E01A9 /* MNISTDeepCNN.swift */; };
		2BF82FCB1E6FE862008E01A9 /* SlimMPSCNN.swift in Sources */ = {isa = PBXBuildFile; fileRef = 2BF82FC41E6FE862008E01A9 /* SlimMPSCNN.swift */; };
		2BF82FCC1E6FE862008E01A9 /* DrawView.swift in Sources */ = {isa = PBXBuildFile; fileRef = 2BF82FC51E6FE862008E01A9 /* DrawView.swift */; };
		2BF82FCD1E6FE862008E01A9 /* atomics.m in Sources */ = {isa = PBXBuildFile; fileRef = 2BF82FC71E6FE862008E01A9 /* atomics.m */; };
		2BF82FDC1E6FED95008E01A9 /* t10k-images-idx3-ubyte.data in Resources */ = {isa = PBXBuildFile; fileRef = 2BF82FCE1E6FED95008E01A9 /* t10k-images-idx3-ubyte.data */; };
		2BF82FDD1E6FED95008E01A9 /* t10k-labels-idx1-ubyte.data in Resources */ = {isa = PBXBuildFile; fileRef = 2BF82FCF1E6FED95008E01A9 /* t10k-labels-idx1-ubyte.data */; };
		2BF82FDE1E6FED95008E01A9 /* train-images-idx3-ubyte.data in Resources */ = {isa = PBXBuildFile; fileRef = 2BF82FD01E6FED95008E01A9 /* train-images-idx3-ubyte.data */; };
		2BF82FDF1E6FED95008E01A9 /* train-labels-idx1-ubyte.data in Resources */ = {isa = PBXBuildFile; fileRef = 2BF82FD11E6FED95008E01A9 /* train-labels-idx1-ubyte.data */; };
		2BF82FE01E6FED95008E01A9 /* bias_conv1.dat in Resources */ = {isa = PBXBuildFile; fileRef = 2BF82FD21E6FED95008E01A9 /* bias_conv1.dat */; };
		2BF82FE11E6FED95008E01A9 /* bias_conv2.dat in Resources */ = {isa = PBXBuildFile; fileRef = 2BF82FD31E6FED95008E01A9 /* bias_conv2.dat */; };
		2BF82FE21E6FED95008E01A9 /* bias_fc1.dat in Resources */ = {isa = PBXBuildFile; fileRef = 2BF82FD41E6FED95008E01A9 /* bias_fc1.dat */; };
		2BF82FE31E6FED95008E01A9 /* bias_fc2.dat in Resources */ = {isa = PBXBuildFile; fileRef = 2BF82FD51E6FED95008E01A9 /* bias_fc2.dat */; };
		2BF82FE41E6FED95008E01A9 /* weights_conv1.dat in Resources */ = {isa = PBXBuildFile; fileRef = 2BF82FD61E6FED95008E01A9 /* weights_conv1.dat */; };
		2BF82FE51E6FED95008E01A9 /* weights_conv2.dat in Resources */ = {isa = PBXBuildFile; fileRef = 2BF82FD71E6FED95008E01A9 /* weights_conv2.dat */; };
		2BF82FE61E6FED95008E01A9 /* weights_fc1.dat in Resources */ = {isa = PBXBuildFile; fileRef = 2BF82FD81E6FED95008E01A9 /* weights_fc1.dat */; };
		2BF82FE71E6FED95008E01A9 /* weights_fc2.dat in Resources */ = {isa = PBXBuildFile; fileRef = 2BF82FD91E6FED95008E01A9 /* weights_fc2.dat */; };
		2BF82FE81E6FED95008E01A9 /* bias_NN.dat in Resources */ = {isa = PBXBuildFile; fileRef = 2BF82FDA1E6FED95008E01A9 /* bias_NN.dat */; };
		2BF82FE91E6FED95008E01A9 /* weights_NN.dat in Resources */ = {isa = PBXBuildFile; fileRef = 2BF82FDB1E6FED95008E01A9 /* weights_NN.dat */; };
		36AC300B28FD37D22BFD31F3 /* Pods_photo_mathTests.framework in Frameworks */ = {isa = PBXBuildFile; fileRef = 92DADEBFC21965C14B5DC41F /* Pods_photo_mathTests.framework */; };
		4381F0985BFA7C5814228D21 /* Pods_photo_math.framework in Frameworks */ = {isa = PBXBuildFile; fileRef = 0E253D79BCD113EE4B37904E /* Pods_photo_math.framework */; };
		C4EEF2583C82BA92A812DF7B /* Pods_photo_mathUITests.framework in Frameworks */ = {isa = PBXBuildFile; fileRef = 76FE04787D259F7D96C4701F /* Pods_photo_mathUITests.framework */; };
/* End PBXBuildFile section */

/* Begin PBXContainerItemProxy section */
		2BA2AEFA1E2F865F0093C4BE /* PBXContainerItemProxy */ = {
			isa = PBXContainerItemProxy;
			containerPortal = 2BA2AEDD1E2F865E0093C4BE /* Project object */;
			proxyType = 1;
			remoteGlobalIDString = 2BA2AEE41E2F865E0093C4BE;
			remoteInfo = "photo math";
		};
		2BA2AF051E2F865F0093C4BE /* PBXContainerItemProxy */ = {
			isa = PBXContainerItemProxy;
			containerPortal = 2BA2AEDD1E2F865E0093C4BE /* Project object */;
			proxyType = 1;
			remoteGlobalIDString = 2BA2AEE41E2F865E0093C4BE;
			remoteInfo = "photo math";
		};
/* End PBXContainerItemProxy section */

/* Begin PBXFileReference section */
		0E253D79BCD113EE4B37904E /* Pods_photo_math.framework */ = {isa = PBXFileReference; explicitFileType = wrapper.framework; includeInIndex = 0; path = Pods_photo_math.framework; sourceTree = BUILT_PRODUCTS_DIR; };
		12307B5A2C6F70BA7A415056 /* Pods-photo math.release.xcconfig */ = {isa = PBXFileReference; includeInIndex = 1; lastKnownFileType = text.xcconfig; name = "Pods-photo math.release.xcconfig"; path = "Pods/Target Support Files/Pods-photo math/Pods-photo math.release.xcconfig"; sourceTree = "<group>"; };
		1B83DE49F391E9A41C342DB8 /* Pods-photo mathUITests.release.xcconfig */ = {isa = PBXFileReference; includeInIndex = 1; lastKnownFileType = text.xcconfig; name = "Pods-photo mathUITests.release.xcconfig"; path = "Pods/Target Support Files/Pods-photo mathUITests/Pods-photo mathUITests.release.xcconfig"; sourceTree = "<group>"; };
		1F5293A07EB251686617984E /* Pods-photo math.debug.xcconfig */ = {isa = PBXFileReference; includeInIndex = 1; lastKnownFileType = text.xcconfig; name = "Pods-photo math.debug.xcconfig"; path = "Pods/Target Support Files/Pods-photo math/Pods-photo math.debug.xcconfig"; sourceTree = "<group>"; };
		2B1E51921E6FF41600FD8472 /* DigitDetectorViewController.swift */ = {isa = PBXFileReference; fileEncoding = 4; lastKnownFileType = sourcecode.swift; path = DigitDetectorViewController.swift; sourceTree = "<group>"; };
		2BA2AEE51E2F865E0093C4BE /* photo math.app */ = {isa = PBXFileReference; explicitFileType = wrapper.application; includeInIndex = 0; path = "photo math.app"; sourceTree = BUILT_PRODUCTS_DIR; };
		2BA2AEE81E2F865E0093C4BE /* AppDelegate.swift */ = {isa = PBXFileReference; lastKnownFileType = sourcecode.swift; path = AppDelegate.swift; sourceTree = "<group>"; };
		2BA2AEEA1E2F865E0093C4BE /* ViewController.swift */ = {isa = PBXFileReference; lastKnownFileType = sourcecode.swift; path = ViewController.swift; sourceTree = "<group>"; };
		2BA2AEED1E2F865E0093C4BE /* Base */ = {isa = PBXFileReference; lastKnownFileType = file.storyboard; name = Base; path = Base.lproj/Main.storyboard; sourceTree = "<group>"; };
		2BA2AEF21E2F865E0093C4BE /* Base */ = {isa = PBXFileReference; lastKnownFileType = file.storyboard; name = Base; path = Base.lproj/LaunchScreen.storyboard; sourceTree = "<group>"; };
		2BA2AEF41E2F865E0093C4BE /* Info.plist */ = {isa = PBXFileReference; lastKnownFileType = text.plist.xml; path = Info.plist; sourceTree = "<group>"; };
		2BA2AEF91E2F865F0093C4BE /* photo mathTests.xctest */ = {isa = PBXFileReference; explicitFileType = wrapper.cfbundle; includeInIndex = 0; path = "photo mathTests.xctest"; sourceTree = BUILT_PRODUCTS_DIR; };
		2BA2AEFD1E2F865F0093C4BE /* photo_mathTests.swift */ = {isa = PBXFileReference; lastKnownFileType = sourcecode.swift; path = photo_mathTests.swift; sourceTree = "<group>"; };
		2BA2AEFF1E2F865F0093C4BE /* Info.plist */ = {isa = PBXFileReference; lastKnownFileType = text.plist.xml; path = Info.plist; sourceTree = "<group>"; };
		2BA2AF041E2F865F0093C4BE /* photo mathUITests.xctest */ = {isa = PBXFileReference; explicitFileType = wrapper.cfbundle; includeInIndex = 0; path = "photo mathUITests.xctest"; sourceTree = BUILT_PRODUCTS_DIR; };
		2BA2AF081E2F865F0093C4BE /* photo_mathUITests.swift */ = {isa = PBXFileReference; lastKnownFileType = sourcecode.swift; path = photo_mathUITests.swift; sourceTree = "<group>"; };
		2BA2AF0A1E2F865F0093C4BE /* Info.plist */ = {isa = PBXFileReference; lastKnownFileType = text.plist.xml; path = Info.plist; sourceTree = "<group>"; };
		2BC4AD2E1E54642F0078E267 /* CameraTwoViewController.swift */ = {isa = PBXFileReference; fileEncoding = 4; lastKnownFileType = sourcecode.swift; path = CameraTwoViewController.swift; sourceTree = "<group>"; };
		2BF82FC01E6FE861008E01A9 /* photo math-Bridging-Header.h */ = {isa = PBXFileReference; lastKnownFileType = sourcecode.c.h; path = "photo math-Bridging-Header.h"; sourceTree = "<group>"; };
		2BF82FC11E6FE862008E01A9 /* GetMNISTData.swift */ = {isa = PBXFileReference; fileEncoding = 4; lastKnownFileType = sourcecode.swift; path = GetMNISTData.swift; sourceTree = "<group>"; };
		2BF82FC21E6FE862008E01A9 /* MNISTSingleLayer.swift */ = {isa = PBXFileReference; fileEncoding = 4; lastKnownFileType = sourcecode.swift; path = MNISTSingleLayer.swift; sourceTree = "<group>"; };
		2BF82FC31E6FE862008E01A9 /* MNISTDeepCNN.swift */ = {isa = PBXFileReference; fileEncoding = 4; lastKnownFileType = sourcecode.swift; path = MNISTDeepCNN.swift; sourceTree = "<group>"; };
		2BF82FC41E6FE862008E01A9 /* SlimMPSCNN.swift */ = {isa = PBXFileReference; fileEncoding = 4; lastKnownFileType = sourcecode.swift; path = SlimMPSCNN.swift; sourceTree = "<group>"; };
		2BF82FC51E6FE862008E01A9 /* DrawView.swift */ = {isa = PBXFileReference; fileEncoding = 4; lastKnownFileType = sourcecode.swift; path = DrawView.swift; sourceTree = "<group>"; };
		2BF82FC61E6FE862008E01A9 /* atomics.h */ = {isa = PBXFileReference; fileEncoding = 4; lastKnownFileType = sourcecode.c.h; path = atomics.h; sourceTree = "<group>"; };
		2BF82FC71E6FE862008E01A9 /* atomics.m */ = {isa = PBXFileReference; fileEncoding = 4; lastKnownFileType = sourcecode.c.objc; path = atomics.m; sourceTree = "<group>"; };
		2BF82FCE1E6FED95008E01A9 /* t10k-images-idx3-ubyte.data */ = {isa = PBXFileReference; lastKnownFileType = file; path = "t10k-images-idx3-ubyte.data"; sourceTree = "<group>"; };
		2BF82FCF1E6FED95008E01A9 /* t10k-labels-idx1-ubyte.data */ = {isa = PBXFileReference; lastKnownFileType = file; path = "t10k-labels-idx1-ubyte.data"; sourceTree = "<group>"; };
		2BF82FD01E6FED95008E01A9 /* train-images-idx3-ubyte.data */ = {isa = PBXFileReference; lastKnownFileType = file; path = "train-images-idx3-ubyte.data"; sourceTree = "<group>"; };
		2BF82FD11E6FED95008E01A9 /* train-labels-idx1-ubyte.data */ = {isa = PBXFileReference; lastKnownFileType = file; path = "train-labels-idx1-ubyte.data"; sourceTree = "<group>"; };
		2BF82FD21E6FED95008E01A9 /* bias_conv1.dat */ = {isa = PBXFileReference; fileEncoding = 4; lastKnownFileType = text; path = bias_conv1.dat; sourceTree = "<group>"; };
		2BF82FD31E6FED95008E01A9 /* bias_conv2.dat */ = {isa = PBXFileReference; fileEncoding = 4; lastKnownFileType = text; path = bias_conv2.dat; sourceTree = "<group>"; };
		2BF82FD41E6FED95008E01A9 /* bias_fc1.dat */ = {isa = PBXFileReference; lastKnownFileType = file; path = bias_fc1.dat; sourceTree = "<group>"; };
		2BF82FD51E6FED95008E01A9 /* bias_fc2.dat */ = {isa = PBXFileReference; fileEncoding = 4; lastKnownFileType = text; path = bias_fc2.dat; sourceTree = "<group>"; };
		2BF82FD61E6FED95008E01A9 /* weights_conv1.dat */ = {isa = PBXFileReference; lastKnownFileType = file; path = weights_conv1.dat; sourceTree = "<group>"; };
		2BF82FD71E6FED95008E01A9 /* weights_conv2.dat */ = {isa = PBXFileReference; lastKnownFileType = file; path = weights_conv2.dat; sourceTree = "<group>"; };
		2BF82FD81E6FED95008E01A9 /* weights_fc1.dat */ = {isa = PBXFileReference; lastKnownFileType = file; path = weights_fc1.dat; sourceTree = "<group>"; };
		2BF82FD91E6FED95008E01A9 /* weights_fc2.dat */ = {isa = PBXFileReference; lastKnownFileType = file; path = weights_fc2.dat; sourceTree = "<group>"; };
		2BF82FDA1E6FED95008E01A9 /* bias_NN.dat */ = {isa = PBXFileReference; fileEncoding = 4; lastKnownFileType = text; path = bias_NN.dat; sourceTree = "<group>"; };
		2BF82FDB1E6FED95008E01A9 /* weights_NN.dat */ = {isa = PBXFileReference; lastKnownFileType = file; path = weights_NN.dat; sourceTree = "<group>"; };
		664A2BF447A3B02D88841009 /* Pods-photo mathTests.release.xcconfig */ = {isa = PBXFileReference; includeInIndex = 1; lastKnownFileType = text.xcconfig; name = "Pods-photo mathTests.release.xcconfig"; path = "Pods/Target Support Files/Pods-photo mathTests/Pods-photo mathTests.release.xcconfig"; sourceTree = "<group>"; };
		76FE04787D259F7D96C4701F /* Pods_photo_mathUITests.framework */ = {isa = PBXFileReference; explicitFileType = wrapper.framework; includeInIndex = 0; path = Pods_photo_mathUITests.framework; sourceTree = BUILT_PRODUCTS_DIR; };
		92DADEBFC21965C14B5DC41F /* Pods_photo_mathTests.framework */ = {isa = PBXFileReference; explicitFileType = wrapper.framework; includeInIndex = 0; path = Pods_photo_mathTests.framework; sourceTree = BUILT_PRODUCTS_DIR; };
		C6616BDA0E77FE379B5D333E /* Pods-photo mathTests.debug.xcconfig */ = {isa = PBXFileReference; includeInIndex = 1; lastKnownFileType = text.xcconfig; name = "Pods-photo mathTests.debug.xcconfig"; path = "Pods/Target Support Files/Pods-photo mathTests/Pods-photo mathTests.debug.xcconfig"; sourceTree = "<group>"; };
		F9AC7E218CF7B1D397637293 /* Pods-photo mathUITests.debug.xcconfig */ = {isa = PBXFileReference; includeInIndex = 1; lastKnownFileType = text.xcconfig; name = "Pods-photo mathUITests.debug.xcconfig"; path = "Pods/Target Support Files/Pods-photo mathUITests/Pods-photo mathUITests.debug.xcconfig"; sourceTree = "<group>"; };
/* End PBXFileReference section */

/* Begin PBXFrameworksBuildPhase section */
		2BA2AEE21E2F865E0093C4BE /* Frameworks */ = {
			isa = PBXFrameworksBuildPhase;
			buildActionMask = 2147483647;
			files = (
				4381F0985BFA7C5814228D21 /* Pods_photo_math.framework in Frameworks */,
			);
			runOnlyForDeploymentPostprocessing = 0;
		};
		2BA2AEF61E2F865F0093C4BE /* Frameworks */ = {
			isa = PBXFrameworksBuildPhase;
			buildActionMask = 2147483647;
			files = (
				36AC300B28FD37D22BFD31F3 /* Pods_photo_mathTests.framework in Frameworks */,
			);
			runOnlyForDeploymentPostprocessing = 0;
		};
		2BA2AF011E2F865F0093C4BE /* Frameworks */ = {
			isa = PBXFrameworksBuildPhase;
			buildActionMask = 2147483647;
			files = (
				C4EEF2583C82BA92A812DF7B /* Pods_photo_mathUITests.framework in Frameworks */,
			);
			runOnlyForDeploymentPostprocessing = 0;
		};
/* End PBXFrameworksBuildPhase section */

/* Begin PBXGroup section */
		2BA2AEDC1E2F865E0093C4BE = {
			isa = PBXGroup;
			children = (
				2BA2AEE71E2F865E0093C4BE /* photo math */,
				2BA2AEFC1E2F865F0093C4BE /* photo mathTests */,
				2BA2AF071E2F865F0093C4BE /* photo mathUITests */,
				2BA2AEE61E2F865E0093C4BE /* Products */,
				532C109F5FD2AA299B46CE30 /* Pods */,
				FBA7C87CB71BE5EA749CFABE /* Frameworks */,
			);
			sourceTree = "<group>";
		};
		2BA2AEE61E2F865E0093C4BE /* Products */ = {
			isa = PBXGroup;
			children = (
				2BA2AEE51E2F865E0093C4BE /* photo math.app */,
				2BA2AEF91E2F865F0093C4BE /* photo mathTests.xctest */,
				2BA2AF041E2F865F0093C4BE /* photo mathUITests.xctest */,
			);
			name = Products;
			sourceTree = "<group>";
		};
		2BA2AEE71E2F865E0093C4BE /* photo math */ = {
			isa = PBXGroup;
			children = (
				2BF82FBF1E6FE7C5008E01A9 /* WordRecognition */,
				2BA2AEE81E2F865E0093C4BE /* AppDelegate.swift */,
				2BA2AEEA1E2F865E0093C4BE /* ViewController.swift */,
				2BC4AD2E1E54642F0078E267 /* CameraTwoViewController.swift */,
				2B1E51921E6FF41600FD8472 /* DigitDetectorViewController.swift */,
				2BA2AEEC1E2F865E0093C4BE /* Main.storyboard */,
				2BA2AEF11E2F865E0093C4BE /* LaunchScreen.storyboard */,
				2BA2AEF41E2F865E0093C4BE /* Info.plist */,
				2BF82FC01E6FE861008E01A9 /* photo math-Bridging-Header.h */,
			);
			path = "photo math";
			sourceTree = "<group>";
		};
		2BA2AEFC1E2F865F0093C4BE /* photo mathTests */ = {
			isa = PBXGroup;
			children = (
				2BA2AEFD1E2F865F0093C4BE /* photo_mathTests.swift */,
				2BA2AEFF1E2F865F0093C4BE /* Info.plist */,
			);
			path = "photo mathTests";
			sourceTree = "<group>";
		};
		2BA2AF071E2F865F0093C4BE /* photo mathUITests */ = {
			isa = PBXGroup;
			children = (
				2BA2AF081E2F865F0093C4BE /* photo_mathUITests.swift */,
				2BA2AF0A1E2F865F0093C4BE /* Info.plist */,
			);
			path = "photo mathUITests";
			sourceTree = "<group>";
		};
		2BF82FBF1E6FE7C5008E01A9 /* WordRecognition */ = {
			isa = PBXGroup;
			children = (
				2BF82FCE1E6FED95008E01A9 /* t10k-images-idx3-ubyte.data */,
				2BF82FCF1E6FED95008E01A9 /* t10k-labels-idx1-ubyte.data */,
				2BF82FD01E6FED95008E01A9 /* train-images-idx3-ubyte.data */,
				2BF82FD11E6FED95008E01A9 /* train-labels-idx1-ubyte.data */,
				2BF82FD21E6FED95008E01A9 /* bias_conv1.dat */,
				2BF82FD31E6FED95008E01A9 /* bias_conv2.dat */,
				2BF82FD41E6FED95008E01A9 /* bias_fc1.dat */,
				2BF82FD51E6FED95008E01A9 /* bias_fc2.dat */,
				2BF82FD61E6FED95008E01A9 /* weights_conv1.dat */,
				2BF82FD71E6FED95008E01A9 /* weights_conv2.dat */,
				2BF82FD81E6FED95008E01A9 /* weights_fc1.dat */,
				2BF82FD91E6FED95008E01A9 /* weights_fc2.dat */,
				2BF82FDA1E6FED95008E01A9 /* bias_NN.dat */,
				2BF82FDB1E6FED95008E01A9 /* weights_NN.dat */,
				2BF82FC11E6FE862008E01A9 /* GetMNISTData.swift */,
				2BF82FC21E6FE862008E01A9 /* MNISTSingleLayer.swift */,
				2BF82FC31E6FE862008E01A9 /* MNISTDeepCNN.swift */,
				2BF82FC41E6FE862008E01A9 /* SlimMPSCNN.swift */,
				2BF82FC51E6FE862008E01A9 /* DrawView.swift */,
				2BF82FC61E6FE862008E01A9 /* atomics.h */,
				2BF82FC71E6FE862008E01A9 /* atomics.m */,
			);
			name = WordRecognition;
			sourceTree = "<group>";
		};
		532C109F5FD2AA299B46CE30 /* Pods */ = {
			isa = PBXGroup;
			children = (
				1F5293A07EB251686617984E /* Pods-photo math.debug.xcconfig */,
				12307B5A2C6F70BA7A415056 /* Pods-photo math.release.xcconfig */,
				C6616BDA0E77FE379B5D333E /* Pods-photo mathTests.debug.xcconfig */,
				664A2BF447A3B02D88841009 /* Pods-photo mathTests.release.xcconfig */,
				F9AC7E218CF7B1D397637293 /* Pods-photo mathUITests.debug.xcconfig */,
				1B83DE49F391E9A41C342DB8 /* Pods-photo mathUITests.release.xcconfig */,
			);
			name = Pods;
			sourceTree = "<group>";
		};
		FBA7C87CB71BE5EA749CFABE /* Frameworks */ = {
			isa = PBXGroup;
			children = (
				0E253D79BCD113EE4B37904E /* Pods_photo_math.framework */,
				92DADEBFC21965C14B5DC41F /* Pods_photo_mathTests.framework */,
				76FE04787D259F7D96C4701F /* Pods_photo_mathUITests.framework */,
			);
			name = Frameworks;
			sourceTree = "<group>";
		};
/* End PBXGroup section */

/* Begin PBXNativeTarget section */
		2BA2AEE41E2F865E0093C4BE /* photo math */ = {
			isa = PBXNativeTarget;
			buildConfigurationList = 2BA2AF0D1E2F865F0093C4BE /* Build configuration list for PBXNativeTarget "photo math" */;
			buildPhases = (
				B6A84E830F2E4157D662371A /* [CP] Check Pods Manifest.lock */,
				2BA2AEE11E2F865E0093C4BE /* Sources */,
				2BA2AEE21E2F865E0093C4BE /* Frameworks */,
				2BA2AEE31E2F865E0093C4BE /* Resources */,
				C098DD4445B365C8B4A308A1 /* [CP] Embed Pods Frameworks */,
				A1628B99A8BFAE50F66B824A /* [CP] Copy Pods Resources */,
			);
			buildRules = (
			);
			dependencies = (
			);
			name = "photo math";
			productName = "photo math";
			productReference = 2BA2AEE51E2F865E0093C4BE /* photo math.app */;
			productType = "com.apple.product-type.application";
		};
		2BA2AEF81E2F865F0093C4BE /* photo mathTests */ = {
			isa = PBXNativeTarget;
			buildConfigurationList = 2BA2AF101E2F865F0093C4BE /* Build configuration list for PBXNativeTarget "photo mathTests" */;
			buildPhases = (
				1940E8799FA2909162F3D060 /* [CP] Check Pods Manifest.lock */,
				2BA2AEF51E2F865F0093C4BE /* Sources */,
				2BA2AEF61E2F865F0093C4BE /* Frameworks */,
				2BA2AEF71E2F865F0093C4BE /* Resources */,
				436FE068A6B2476D0F4547BA /* [CP] Embed Pods Frameworks */,
				A254BBB97AA5EE35F2759F35 /* [CP] Copy Pods Resources */,
			);
			buildRules = (
			);
			dependencies = (
				2BA2AEFB1E2F865F0093C4BE /* PBXTargetDependency */,
			);
			name = "photo mathTests";
			productName = "photo mathTests";
			productReference = 2BA2AEF91E2F865F0093C4BE /* photo mathTests.xctest */;
			productType = "com.apple.product-type.bundle.unit-test";
		};
		2BA2AF031E2F865F0093C4BE /* photo mathUITests */ = {
			isa = PBXNativeTarget;
			buildConfigurationList = 2BA2AF131E2F865F0093C4BE /* Build configuration list for PBXNativeTarget "photo mathUITests" */;
			buildPhases = (
				43BF942D42BD93BF0400299D /* [CP] Check Pods Manifest.lock */,
				2BA2AF001E2F865F0093C4BE /* Sources */,
				2BA2AF011E2F865F0093C4BE /* Frameworks */,
				2BA2AF021E2F865F0093C4BE /* Resources */,
				985B680862DFF3E302005F69 /* [CP] Embed Pods Frameworks */,
				77C703B7BABF6D1B466CB036 /* [CP] Copy Pods Resources */,
			);
			buildRules = (
			);
			dependencies = (
				2BA2AF061E2F865F0093C4BE /* PBXTargetDependency */,
			);
			name = "photo mathUITests";
			productName = "photo mathUITests";
			productReference = 2BA2AF041E2F865F0093C4BE /* photo mathUITests.xctest */;
			productType = "com.apple.product-type.bundle.ui-testing";
		};
/* End PBXNativeTarget section */

/* Begin PBXProject section */
		2BA2AEDD1E2F865E0093C4BE /* Project object */ = {
			isa = PBXProject;
			attributes = {
				LastSwiftUpdateCheck = 0820;
				LastUpgradeCheck = 0820;
				ORGANIZATIONNAME = "片岡";
				TargetAttributes = {
					2BA2AEE41E2F865E0093C4BE = {
						CreatedOnToolsVersion = 8.2.1;
						DevelopmentTeam = 43Q23333XP;
						LastSwiftMigration = 0820;
						ProvisioningStyle = Automatic;
					};
					2BA2AEF81E2F865F0093C4BE = {
						CreatedOnToolsVersion = 8.2.1;
						ProvisioningStyle = Automatic;
						TestTargetID = 2BA2AEE41E2F865E0093C4BE;
					};
					2BA2AF031E2F865F0093C4BE = {
						CreatedOnToolsVersion = 8.2.1;
						ProvisioningStyle = Automatic;
						TestTargetID = 2BA2AEE41E2F865E0093C4BE;
					};
				};
			};
			buildConfigurationList = 2BA2AEE01E2F865E0093C4BE /* Build configuration list for PBXProject "photo math" */;
			compatibilityVersion = "Xcode 3.2";
			developmentRegion = English;
			hasScannedForEncodings = 0;
			knownRegions = (
				en,
				Base,
			);
			mainGroup = 2BA2AEDC1E2F865E0093C4BE;
			productRefGroup = 2BA2AEE61E2F865E0093C4BE /* Products */;
			projectDirPath = "";
			projectRoot = "";
			targets = (
				2BA2AEE41E2F865E0093C4BE /* photo math */,
				2BA2AEF81E2F865F0093C4BE /* photo mathTests */,
				2BA2AF031E2F865F0093C4BE /* photo mathUITests */,
			);
		};
/* End PBXProject section */

/* Begin PBXResourcesBuildPhase section */
		2BA2AEE31E2F865E0093C4BE /* Resources */ = {
			isa = PBXResourcesBuildPhase;
			buildActionMask = 2147483647;
			files = (
				2BF82FDD1E6FED95008E01A9 /* t10k-labels-idx1-ubyte.data in Resources */,
				2BF82FDF1E6FED95008E01A9 /* train-labels-idx1-ubyte.data in Resources */,
				2BF82FE81E6FED95008E01A9 /* bias_NN.dat in Resources */,
				2BF82FE21E6FED95008E01A9 /* bias_fc1.dat in Resources */,
				2BA2AEF31E2F865E0093C4BE /* LaunchScreen.storyboard in Resources */,
				2BF82FE11E6FED95008E01A9 /* bias_conv2.dat in Resources */,
				2BA2AEEE1E2F865E0093C4BE /* Main.storyboard in Resources */,
				2BF82FE61E6FED95008E01A9 /* weights_fc1.dat in Resources */,
				2BF82FE51E6FED95008E01A9 /* weights_conv2.dat in Resources */,
				2BF82FE01E6FED95008E01A9 /* bias_conv1.dat in Resources */,
				2BF82FE71E6FED95008E01A9 /* weights_fc2.dat in Resources */,
				2BF82FE91E6FED95008E01A9 /* weights_NN.dat in Resources */,
				2BF82FDC1E6FED95008E01A9 /* t10k-images-idx3-ubyte.data in Resources */,
				2BF82FE31E6FED95008E01A9 /* bias_fc2.dat in Resources */,
				2BF82FDE1E6FED95008E01A9 /* train-images-idx3-ubyte.data in Resources */,
				2BF82FE41E6FED95008E01A9 /* weights_conv1.dat in Resources */,
			);
			runOnlyForDeploymentPostprocessing = 0;
		};
		2BA2AEF71E2F865F0093C4BE /* Resources */ = {
			isa = PBXResourcesBuildPhase;
			buildActionMask = 2147483647;
			files = (
			);
			runOnlyForDeploymentPostprocessing = 0;
		};
		2BA2AF021E2F865F0093C4BE /* Resources */ = {
			isa = PBXResourcesBuildPhase;
			buildActionMask = 2147483647;
			files = (
			);
			runOnlyForDeploymentPostprocessing = 0;
		};
/* End PBXResourcesBuildPhase section */

/* Begin PBXShellScriptBuildPhase section */
		1940E8799FA2909162F3D060 /* [CP] Check Pods Manifest.lock */ = {
			isa = PBXShellScriptBuildPhase;
			buildActionMask = 2147483647;
			files = (
			);
			inputPaths = (
			);
			name = "[CP] Check Pods Manifest.lock";
			outputPaths = (
			);
			runOnlyForDeploymentPostprocessing = 0;
			shellPath = /bin/sh;
			shellScript = "diff \"${PODS_ROOT}/../Podfile.lock\" \"${PODS_ROOT}/Manifest.lock\" > /dev/null\nif [ $? != 0 ] ; then\n    # print error to STDERR\n    echo \"error: The sandbox is not in sync with the Podfile.lock. Run 'pod install' or update your CocoaPods installation.\" >&2\n    exit 1\nfi\n";
			showEnvVarsInLog = 0;
		};
		436FE068A6B2476D0F4547BA /* [CP] Embed Pods Frameworks */ = {
			isa = PBXShellScriptBuildPhase;
			buildActionMask = 2147483647;
			files = (
			);
			inputPaths = (
			);
			name = "[CP] Embed Pods Frameworks";
			outputPaths = (
			);
			runOnlyForDeploymentPostprocessing = 0;
			shellPath = /bin/sh;
			shellScript = "\"${SRCROOT}/Pods/Target Support Files/Pods-photo mathTests/Pods-photo mathTests-frameworks.sh\"\n";
			showEnvVarsInLog = 0;
		};
		43BF942D42BD93BF0400299D /* [CP] Check Pods Manifest.lock */ = {
			isa = PBXShellScriptBuildPhase;
			buildActionMask = 2147483647;
			files = (
			);
			inputPaths = (
			);
			name = "[CP] Check Pods Manifest.lock";
			outputPaths = (
			);
			runOnlyForDeploymentPostprocessing = 0;
			shellPath = /bin/sh;
			shellScript = "diff \"${PODS_ROOT}/../Podfile.lock\" \"${PODS_ROOT}/Manifest.lock\" > /dev/null\nif [ $? != 0 ] ; then\n    # print error to STDERR\n    echo \"error: The sandbox is not in sync with the Podfile.lock. Run 'pod install' or update your CocoaPods installation.\" >&2\n    exit 1\nfi\n";
			showEnvVarsInLog = 0;
		};
		77C703B7BABF6D1B466CB036 /* [CP] Copy Pods Resources */ = {
			isa = PBXShellScriptBuildPhase;
			buildActionMask = 2147483647;
			files = (
			);
			inputPaths = (
			);
			name = "[CP] Copy Pods Resources";
			outputPaths = (
			);
			runOnlyForDeploymentPostprocessing = 0;
			shellPath = /bin/sh;
			shellScript = "\"${SRCROOT}/Pods/Target Support Files/Pods-photo mathUITests/Pods-photo mathUITests-resources.sh\"\n";
			showEnvVarsInLog = 0;
		};
		985B680862DFF3E302005F69 /* [CP] Embed Pods Frameworks */ = {
			isa = PBXShellScriptBuildPhase;
			buildActionMask = 2147483647;
			files = (
			);
			inputPaths = (
			);
			name = "[CP] Embed Pods Frameworks";
			outputPaths = (
			);
			runOnlyForDeploymentPostprocessing = 0;
			shellPath = /bin/sh;
			shellScript = "\"${SRCROOT}/Pods/Target Support Files/Pods-photo mathUITests/Pods-photo mathUITests-frameworks.sh\"\n";
			showEnvVarsInLog = 0;
		};
		A1628B99A8BFAE50F66B824A /* [CP] Copy Pods Resources */ = {
			isa = PBXShellScriptBuildPhase;
			buildActionMask = 2147483647;
			files = (
			);
			inputPaths = (
			);
			name = "[CP] Copy Pods Resources";
			outputPaths = (
			);
			runOnlyForDeploymentPostprocessing = 0;
			shellPath = /bin/sh;
			shellScript = "\"${SRCROOT}/Pods/Target Support Files/Pods-photo math/Pods-photo math-resources.sh\"\n";
			showEnvVarsInLog = 0;
		};
		A254BBB97AA5EE35F2759F35 /* [CP] Copy Pods Resources */ = {
			isa = PBXShellScriptBuildPhase;
			buildActionMask = 2147483647;
			files = (
			);
			inputPaths = (
			);
			name = "[CP] Copy Pods Resources";
			outputPaths = (
			);
			runOnlyForDeploymentPostprocessing = 0;
			shellPath = /bin/sh;
			shellScript = "\"${SRCROOT}/Pods/Target Support Files/Pods-photo mathTests/Pods-photo mathTests-resources.sh\"\n";
			showEnvVarsInLog = 0;
		};
		B6A84E830F2E4157D662371A /* [CP] Check Pods Manifest.lock */ = {
			isa = PBXShellScriptBuildPhase;
			buildActionMask = 2147483647;
			files = (
			);
			inputPaths = (
			);
			name = "[CP] Check Pods Manifest.lock";
			outputPaths = (
			);
			runOnlyForDeploymentPostprocessing = 0;
			shellPath = /bin/sh;
			shellScript = "diff \"${PODS_ROOT}/../Podfile.lock\" \"${PODS_ROOT}/Manifest.lock\" > /dev/null\nif [ $? != 0 ] ; then\n    # print error to STDERR\n    echo \"error: The sandbox is not in sync with the Podfile.lock. Run 'pod install' or update your CocoaPods installation.\" >&2\n    exit 1\nfi\n";
			showEnvVarsInLog = 0;
		};
		C098DD4445B365C8B4A308A1 /* [CP] Embed Pods Frameworks */ = {
			isa = PBXShellScriptBuildPhase;
			buildActionMask = 2147483647;
			files = (
			);
			inputPaths = (
			);
			name = "[CP] Embed Pods Frameworks";
			outputPaths = (
			);
			runOnlyForDeploymentPostprocessing = 0;
			shellPath = /bin/sh;
			shellScript = "\"${SRCROOT}/Pods/Target Support Files/Pods-photo math/Pods-photo math-frameworks.sh\"\n";
			showEnvVarsInLog = 0;
		};
/* End PBXShellScriptBuildPhase section */

/* Begin PBXSourcesBuildPhase section */
		2BA2AEE11E2F865E0093C4BE /* Sources */ = {
			isa = PBXSourcesBuildPhase;
			buildActionMask = 2147483647;
			files = (
				2BA2AEEB1E2F865E0093C4BE /* ViewController.swift in Sources */,
				2BF82FC91E6FE862008E01A9 /* MNISTSingleLayer.swift in Sources */,
				2BF82FCC1E6FE862008E01A9 /* DrawView.swift in Sources */,
				2BA2AEE91E2F865E0093C4BE /* AppDelegate.swift in Sources */,
				2B1E51931E6FF41600FD8472 /* DigitDetectorViewController.swift in Sources */,
				2BF82FCD1E6FE862008E01A9 /* atomics.m in Sources */,
				2BF82FCA1E6FE862008E01A9 /* MNISTDeepCNN.swift in Sources */,
				2BF82FC81E6FE862008E01A9 /* GetMNISTData.swift in Sources */,
				2BF82FCB1E6FE862008E01A9 /* SlimMPSCNN.swift in Sources */,
				2BC4AD2F1E54642F0078E267 /* CameraTwoViewController.swift in Sources */,
			);
			runOnlyForDeploymentPostprocessing = 0;
		};
		2BA2AEF51E2F865F0093C4BE /* Sources */ = {
			isa = PBXSourcesBuildPhase;
			buildActionMask = 2147483647;
			files = (
				2BA2AEFE1E2F865F0093C4BE /* photo_mathTests.swift in Sources */,
			);
			runOnlyForDeploymentPostprocessing = 0;
		};
		2BA2AF001E2F865F0093C4BE /* Sources */ = {
			isa = PBXSourcesBuildPhase;
			buildActionMask = 2147483647;
			files = (
				2BA2AF091E2F865F0093C4BE /* photo_mathUITests.swift in Sources */,
			);
			runOnlyForDeploymentPostprocessing = 0;
		};
/* End PBXSourcesBuildPhase section */

/* Begin PBXTargetDependency section */
		2BA2AEFB1E2F865F0093C4BE /* PBXTargetDependency */ = {
			isa = PBXTargetDependency;
			target = 2BA2AEE41E2F865E0093C4BE /* photo math */;
			targetProxy = 2BA2AEFA1E2F865F0093C4BE /* PBXContainerItemProxy */;
		};
		2BA2AF061E2F865F0093C4BE /* PBXTargetDependency */ = {
			isa = PBXTargetDependency;
			target = 2BA2AEE41E2F865E0093C4BE /* photo math */;
			targetProxy = 2BA2AF051E2F865F0093C4BE /* PBXContainerItemProxy */;
		};
/* End PBXTargetDependency section */

/* Begin PBXVariantGroup section */
		2BA2AEEC1E2F865E0093C4BE /* Main.storyboard */ = {
			isa = PBXVariantGroup;
			children = (
				2BA2AEED1E2F865E0093C4BE /* Base */,
			);
			name = Main.storyboard;
			sourceTree = "<group>";
		};
		2BA2AEF11E2F865E0093C4BE /* LaunchScreen.storyboard */ = {
			isa = PBXVariantGroup;
			children = (
				2BA2AEF21E2F865E0093C4BE /* Base */,
			);
			name = LaunchScreen.storyboard;
			sourceTree = "<group>";
		};
/* End PBXVariantGroup section */

/* Begin XCBuildConfiguration section */
		2BA2AF0B1E2F865F0093C4BE /* Debug */ = {
			isa = XCBuildConfiguration;
			buildSettings = {
				ALWAYS_SEARCH_USER_PATHS = NO;
				CLANG_ANALYZER_NONNULL = YES;
				CLANG_CXX_LANGUAGE_STANDARD = "gnu++0x";
				CLANG_CXX_LIBRARY = "libc++";
				CLANG_ENABLE_MODULES = YES;
				CLANG_ENABLE_OBJC_ARC = YES;
				CLANG_WARN_BOOL_CONVERSION = YES;
				CLANG_WARN_CONSTANT_CONVERSION = YES;
				CLANG_WARN_DIRECT_OBJC_ISA_USAGE = YES_ERROR;
				CLANG_WARN_DOCUMENTATION_COMMENTS = YES;
				CLANG_WARN_EMPTY_BODY = YES;
				CLANG_WARN_ENUM_CONVERSION = YES;
				CLANG_WARN_INFINITE_RECURSION = YES;
				CLANG_WARN_INT_CONVERSION = YES;
				CLANG_WARN_OBJC_ROOT_CLASS = YES_ERROR;
				CLANG_WARN_SUSPICIOUS_MOVE = YES;
				CLANG_WARN_UNREACHABLE_CODE = YES;
				CLANG_WARN__DUPLICATE_METHOD_MATCH = YES;
				"CODE_SIGN_IDENTITY[sdk=iphoneos*]" = "iPhone Developer";
				COPY_PHASE_STRIP = NO;
				DEBUG_INFORMATION_FORMAT = dwarf;
				ENABLE_STRICT_OBJC_MSGSEND = YES;
				ENABLE_TESTABILITY = YES;
				GCC_C_LANGUAGE_STANDARD = gnu99;
				GCC_DYNAMIC_NO_PIC = NO;
				GCC_NO_COMMON_BLOCKS = YES;
				GCC_OPTIMIZATION_LEVEL = 0;
				GCC_PREPROCESSOR_DEFINITIONS = (
					"DEBUG=1",
					"$(inherited)",
				);
				GCC_WARN_64_TO_32_BIT_CONVERSION = YES;
				GCC_WARN_ABOUT_RETURN_TYPE = YES_ERROR;
				GCC_WARN_UNDECLARED_SELECTOR = YES;
				GCC_WARN_UNINITIALIZED_AUTOS = YES_AGGRESSIVE;
				GCC_WARN_UNUSED_FUNCTION = YES;
				GCC_WARN_UNUSED_VARIABLE = YES;
				IPHONEOS_DEPLOYMENT_TARGET = 10.2;
				MTL_ENABLE_DEBUG_INFO = YES;
				ONLY_ACTIVE_ARCH = YES;
				SDKROOT = iphoneos;
				SWIFT_ACTIVE_COMPILATION_CONDITIONS = DEBUG;
				SWIFT_OPTIMIZATION_LEVEL = "-Onone";
			};
			name = Debug;
		};
		2BA2AF0C1E2F865F0093C4BE /* Release */ = {
			isa = XCBuildConfiguration;
			buildSettings = {
				ALWAYS_SEARCH_USER_PATHS = NO;
				CLANG_ANALYZER_NONNULL = YES;
				CLANG_CXX_LANGUAGE_STANDARD = "gnu++0x";
				CLANG_CXX_LIBRARY = "libc++";
				CLANG_ENABLE_MODULES = YES;
				CLANG_ENABLE_OBJC_ARC = YES;
				CLANG_WARN_BOOL_CONVERSION = YES;
				CLANG_WARN_CONSTANT_CONVERSION = YES;
				CLANG_WARN_DIRECT_OBJC_ISA_USAGE = YES_ERROR;
				CLANG_WARN_DOCUMENTATION_COMMENTS = YES;
				CLANG_WARN_EMPTY_BODY = YES;
				CLANG_WARN_ENUM_CONVERSION = YES;
				CLANG_WARN_INFINITE_RECURSION = YES;
				CLANG_WARN_INT_CONVERSION = YES;
				CLANG_WARN_OBJC_ROOT_CLASS = YES_ERROR;
				CLANG_WARN_SUSPICIOUS_MOVE = YES;
				CLANG_WARN_UNREACHABLE_CODE = YES;
				CLANG_WARN__DUPLICATE_METHOD_MATCH = YES;
				"CODE_SIGN_IDENTITY[sdk=iphoneos*]" = "iPhone Developer";
				COPY_PHASE_STRIP = NO;
				DEBUG_INFORMATION_FORMAT = "dwarf-with-dsym";
				ENABLE_NS_ASSERTIONS = NO;
				ENABLE_STRICT_OBJC_MSGSEND = YES;
				GCC_C_LANGUAGE_STANDARD = gnu99;
				GCC_NO_COMMON_BLOCKS = YES;
				GCC_WARN_64_TO_32_BIT_CONVERSION = YES;
				GCC_WARN_ABOUT_RETURN_TYPE = YES_ERROR;
				GCC_WARN_UNDECLARED_SELECTOR = YES;
				GCC_WARN_UNINITIALIZED_AUTOS = YES_AGGRESSIVE;
				GCC_WARN_UNUSED_FUNCTION = YES;
				GCC_WARN_UNUSED_VARIABLE = YES;
				IPHONEOS_DEPLOYMENT_TARGET = 10.2;
				MTL_ENABLE_DEBUG_INFO = NO;
				SDKROOT = iphoneos;
				SWIFT_OPTIMIZATION_LEVEL = "-Owholemodule";
				VALIDATE_PRODUCT = YES;
			};
			name = Release;
		};
		2BA2AF0E1E2F865F0093C4BE /* Debug */ = {
			isa = XCBuildConfiguration;
			baseConfigurationReference = 1F5293A07EB251686617984E /* Pods-photo math.debug.xcconfig */;
			buildSettings = {
				CLANG_ENABLE_MODULES = YES;
				DEVELOPMENT_TEAM = 43Q23333XP;
				INFOPLIST_FILE = "photo math/Info.plist";
				LD_RUNPATH_SEARCH_PATHS = "$(inherited) @executable_path/Frameworks";
				PRODUCT_BUNDLE_IDENTIFIER = "lifeistech.photo-math";
				PRODUCT_NAME = "$(TARGET_NAME)";
				SWIFT_OBJC_BRIDGING_HEADER = "photo math/photo math-Bridging-Header.h";
				SWIFT_OPTIMIZATION_LEVEL = "-Onone";
				SWIFT_VERSION = 3.0;
			};
			name = Debug;
		};
		2BA2AF0F1E2F865F0093C4BE /* Release */ = {
			isa = XCBuildConfiguration;
			baseConfigurationReference = 12307B5A2C6F70BA7A415056 /* Pods-photo math.release.xcconfig */;
			buildSettings = {
				CLANG_ENABLE_MODULES = YES;
				DEVELOPMENT_TEAM = 43Q23333XP;
				INFOPLIST_FILE = "photo math/Info.plist";
				LD_RUNPATH_SEARCH_PATHS = "$(inherited) @executable_path/Frameworks";
				PRODUCT_BUNDLE_IDENTIFIER = "lifeistech.photo-math";
				PRODUCT_NAME = "$(TARGET_NAME)";
				SWIFT_OBJC_BRIDGING_HEADER = "photo math/photo math-Bridging-Header.h";
				SWIFT_VERSION = 3.0;
			};
			name = Release;
		};
		2BA2AF111E2F865F0093C4BE /* Debug */ = {
			isa = XCBuildConfiguration;
			baseConfigurationReference = C6616BDA0E77FE379B5D333E /* Pods-photo mathTests.debug.xcconfig */;
			buildSettings = {
				ALWAYS_EMBED_SWIFT_STANDARD_LIBRARIES = YES;
				BUNDLE_LOADER = "$(TEST_HOST)";
				INFOPLIST_FILE = "photo mathTests/Info.plist";
				LD_RUNPATH_SEARCH_PATHS = "$(inherited) @executable_path/Frameworks @loader_path/Frameworks";
				PRODUCT_BUNDLE_IDENTIFIER = "lifeistech.photo-mathTests";
				PRODUCT_NAME = "$(TARGET_NAME)";
				SWIFT_VERSION = 3.0;
				TEST_HOST = "$(BUILT_PRODUCTS_DIR)/photo math.app/photo math";
			};
			name = Debug;
		};
		2BA2AF121E2F865F0093C4BE /* Release */ = {
			isa = XCBuildConfiguration;
			baseConfigurationReference = 664A2BF447A3B02D88841009 /* Pods-photo mathTests.release.xcconfig */;
			buildSettings = {
				ALWAYS_EMBED_SWIFT_STANDARD_LIBRARIES = YES;
				BUNDLE_LOADER = "$(TEST_HOST)";
				INFOPLIST_FILE = "photo mathTests/Info.plist";
				LD_RUNPATH_SEARCH_PATHS = "$(inherited) @executable_path/Frameworks @loader_path/Frameworks";
				PRODUCT_BUNDLE_IDENTIFIER = "lifeistech.photo-mathTests";
				PRODUCT_NAME = "$(TARGET_NAME)";
				SWIFT_VERSION = 3.0;
				TEST_HOST = "$(BUILT_PRODUCTS_DIR)/photo math.app/photo math";
			};
			name = Release;
		};
		2BA2AF141E2F865F0093C4BE /* Debug */ = {
			isa = XCBuildConfiguration;
			baseConfigurationReference = F9AC7E218CF7B1D397637293 /* Pods-photo mathUITests.debug.xcconfig */;
			buildSettings = {
				ALWAYS_EMBED_SWIFT_STANDARD_LIBRARIES = YES;
				INFOPLIST_FILE = "photo mathUITests/Info.plist";
				LD_RUNPATH_SEARCH_PATHS = "$(inherited) @executable_path/Frameworks @loader_path/Frameworks";
				PRODUCT_BUNDLE_IDENTIFIER = "lifeistech.photo-mathUITests";
				PRODUCT_NAME = "$(TARGET_NAME)";
				SWIFT_VERSION = 3.0;
				TEST_TARGET_NAME = "photo math";
			};
			name = Debug;
		};
		2BA2AF151E2F865F0093C4BE /* Release */ = {
			isa = XCBuildConfiguration;
			baseConfigurationReference = 1B83DE49F391E9A41C342DB8 /* Pods-photo mathUITests.release.xcconfig */;
			buildSettings = {
				ALWAYS_EMBED_SWIFT_STANDARD_LIBRARIES = YES;
				INFOPLIST_FILE = "photo mathUITests/Info.plist";
				LD_RUNPATH_SEARCH_PATHS = "$(inherited) @executable_path/Frameworks @loader_path/Frameworks";
				PRODUCT_BUNDLE_IDENTIFIER = "lifeistech.photo-mathUITests";
				PRODUCT_NAME = "$(TARGET_NAME)";
				SWIFT_VERSION = 3.0;
				TEST_TARGET_NAME = "photo math";
			};
			name = Release;
		};
/* End XCBuildConfiguration section */

/* Begin XCConfigurationList section */
		2BA2AEE01E2F865E0093C4BE /* Build configuration list for PBXProject "photo math" */ = {
			isa = XCConfigurationList;
			buildConfigurations = (
				2BA2AF0B1E2F865F0093C4BE /* Debug */,
				2BA2AF0C1E2F865F0093C4BE /* Release */,
			);
			defaultConfigurationIsVisible = 0;
			defaultConfigurationName = Release;
		};
		2BA2AF0D1E2F865F0093C4BE /* Build configuration list for PBXNativeTarget "photo math" */ = {
			isa = XCConfigurationList;
			buildConfigurations = (
				2BA2AF0E1E2F865F0093C4BE /* Debug */,
				2BA2AF0F1E2F865F0093C4BE /* Release */,
			);
			defaultConfigurationIsVisible = 0;
			defaultConfigurationName = Release;
		};
		2BA2AF101E2F865F0093C4BE /* Build configuration list for PBXNativeTarget "photo mathTests" */ = {
			isa = XCConfigurationList;
			buildConfigurations = (
				2BA2AF111E2F865F0093C4BE /* Debug */,
				2BA2AF121E2F865F0093C4BE /* Release */,
			);
			defaultConfigurationIsVisible = 0;
			defaultConfigurationName = Release;
		};
		2BA2AF131E2F865F0093C4BE /* Build configuration list for PBXNativeTarget "photo mathUITests" */ = {
			isa = XCConfigurationList;
			buildConfigurations = (
				2BA2AF141E2F865F0093C4BE /* Debug */,
				2BA2AF151E2F865F0093C4BE /* Release */,
			);
			defaultConfigurationIsVisible = 0;
			defaultConfigurationName = Release;
		};
/* End XCConfigurationList section */
	};
	rootObject = 2BA2AEDD1E2F865E0093C4BE /* Project object */;
}
